
Microsoft Visual Studio Solution File, Format Version 12.00
# Visual Studio Version 16
VisualStudioVersion = 16.0.29123.88
MinimumVisualStudioVersion = 10.0.40219.1
Project("{FAE04EC0-301F-11D3-BF4B-00C04F79EFBC}") = "Data Types", "Data Types\Data Types.csproj", "{0709E66D-D2BB-4B27-B6B0-D2900ECE3169}"
EndProject
Global
	GlobalSection(SolutionConfigurationPlatforms) = preSolution
		Debug|Any CPU = Debug|Any CPU
		Release|Any CPU = Release|Any CPU
	EndGlobalSection
	GlobalSection(ProjectConfigurationPlatforms) = postSolution
		{0709E66D-D2BB-4B27-B6B0-D2900ECE3169}.Debug|Any CPU.ActiveCfg = Debug|Any CPU
		{0709E66D-D2BB-4B27-B6B0-D2900ECE3169}.Debug|Any CPU.Build.0 = Debug|Any CPU
		{0709E66D-D2BB-4B27-B6B0-D2900ECE3169}.Release|Any CPU.ActiveCfg = Release|Any CPU
		{0709E66D-D2BB-4B27-B6B0-D2900ECE3169}.Release|Any CPU.Build.0 = Release|Any CPU
	EndGlobalSection
	GlobalSection(SolutionProperties) = preSolution
		HideSolutionNode = FALSE
	EndGlobalSection
	GlobalSection(ExtensibilityGlobals) = postSolution
		SolutionGuid = {86C0E04F-F5A2-452B-AC27-9F2B6FEA0F2B}
	EndGlobalSection
EndGlobal
